// !$*UTF8*$!
{
	archiveVersion = 1;
	classes = {
	};
	objectVersion = 56;
	objects = {

/* Begin PBXBuildFile section */
		76115A282B505E25008D83CA /* Date + FormattedString.swift in Sources */ = {isa = PBXBuildFile; fileRef = 76115A272B505E25008D83CA /* Date + FormattedString.swift */; };
		761A76EF2B2AAEC000FABC7D /* TrackingResultViewController.swift in Sources */ = {isa = PBXBuildFile; fileRef = 761A76EE2B2AAEC000FABC7D /* TrackingResultViewController.swift */; };
		761A76F12B2AB90500FABC7D /* BaseTrackingResultCell.swift in Sources */ = {isa = PBXBuildFile; fileRef = 761A76F02B2AB90500FABC7D /* BaseTrackingResultCell.swift */; };
		761A76F32B2ABF1B00FABC7D /* TrackingResultRouteCell.swift in Sources */ = {isa = PBXBuildFile; fileRef = 761A76F22B2ABF1B00FABC7D /* TrackingResultRouteCell.swift */; };
		761A76F52B2ACE0E00FABC7D /* TrackingResultSpeedInfoCell.swift in Sources */ = {isa = PBXBuildFile; fileRef = 761A76F42B2ACE0E00FABC7D /* TrackingResultSpeedInfoCell.swift */; };
		761A76FC2B2AE3C900FABC7D /* TrackingResultViewModel.swift in Sources */ = {isa = PBXBuildFile; fileRef = 761A76FB2B2AE3C800FABC7D /* TrackingResultViewModel.swift */; };
		762195E32B32DA0D00D59F23 /* TrackingResultRouteCellViewModel.swift in Sources */ = {isa = PBXBuildFile; fileRef = 762195E22B32DA0D00D59F23 /* TrackingResultRouteCellViewModel.swift */; };
		7624E1332B28AA8700094845 /* Double + UnitOfSpeed.swift in Sources */ = {isa = PBXBuildFile; fileRef = 7624E1322B28AA8700094845 /* Double + UnitOfSpeed.swift */; };
		762ED1812B76AA6500734720 /* AnimatedRoundedButton.swift in Sources */ = {isa = PBXBuildFile; fileRef = 762ED1802B76AA6500734720 /* AnimatedRoundedButton.swift */; };
		762ED1832B76AA8800734720 /* StartButtonView.swift in Sources */ = {isa = PBXBuildFile; fileRef = 762ED1822B76AA8800734720 /* StartButtonView.swift */; };
		762ED1872B76BBBD00734720 /* MenuButton.swift in Sources */ = {isa = PBXBuildFile; fileRef = 762ED1862B76BBBD00734720 /* MenuButton.swift */; };
		763967332B93227C00DC4701 /* UIFont + RoundedFont.swift in Sources */ = {isa = PBXBuildFile; fileRef = 763967322B93227C00DC4701 /* UIFont + RoundedFont.swift */; };
		7639673A2B99A1CB00DC4701 /* EditViewController.swift in Sources */ = {isa = PBXBuildFile; fileRef = 763967392B99A1CB00DC4701 /* EditViewController.swift */; };
		763B02B22AFAA0F30034B7E9 /* SpeedInfo.swift in Sources */ = {isa = PBXBuildFile; fileRef = 763B02B12AFAA0F30034B7E9 /* SpeedInfo.swift */; };
		763B02B42AFAADAB0034B7E9 /* CurrentSpeedView.swift in Sources */ = {isa = PBXBuildFile; fileRef = 763B02B32AFAADAB0034B7E9 /* CurrentSpeedView.swift */; };
		76481E5B2AFA74BE00FC5B8A /* TrackingViewController.swift in Sources */ = {isa = PBXBuildFile; fileRef = 76481E5A2AFA74BE00FC5B8A /* TrackingViewController.swift */; };
		76481E5D2AFA74CE00FC5B8A /* SpeedInfoPanelViewController.swift in Sources */ = {isa = PBXBuildFile; fileRef = 76481E5C2AFA74CE00FC5B8A /* SpeedInfoPanelViewController.swift */; };
		76481E5F2AFA7E9100FC5B8A /* LocationManager.swift in Sources */ = {isa = PBXBuildFile; fileRef = 76481E5E2AFA7E9100FC5B8A /* LocationManager.swift */; };
		764B46DD2AED197C00B0B9B5 /* AppDelegate.swift in Sources */ = {isa = PBXBuildFile; fileRef = 764B46DC2AED197C00B0B9B5 /* AppDelegate.swift */; };
		764B46DF2AED197C00B0B9B5 /* SceneDelegate.swift in Sources */ = {isa = PBXBuildFile; fileRef = 764B46DE2AED197C00B0B9B5 /* SceneDelegate.swift */; };
		764B46E62AED197D00B0B9B5 /* Assets.xcassets in Resources */ = {isa = PBXBuildFile; fileRef = 764B46E52AED197D00B0B9B5 /* Assets.xcassets */; };
		764B46E92AED197D00B0B9B5 /* LaunchScreen.storyboard in Resources */ = {isa = PBXBuildFile; fileRef = 764B46E72AED197D00B0B9B5 /* LaunchScreen.storyboard */; };
		764B46F22AED1A3C00B0B9B5 /* SnapKit in Frameworks */ = {isa = PBXBuildFile; productRef = 764B46F12AED1A3C00B0B9B5 /* SnapKit */; };
		764B928E2AFA43E000EC8854 /* FloatingPanel in Frameworks */ = {isa = PBXBuildFile; productRef = 764B928D2AFA43E000EC8854 /* FloatingPanel */; };
		7652152E2B889B7E001954AE /* TrackingManager.swift in Sources */ = {isa = PBXBuildFile; fileRef = 7652152D2B889B7E001954AE /* TrackingManager.swift */; };
		7653E1972B68347A005B1950 /* TrackingResultPeriodCell.swift in Sources */ = {isa = PBXBuildFile; fileRef = 7653E1962B68347A005B1950 /* TrackingResultPeriodCell.swift */; };
		7666F2CB2B17268800F5826F /* TrackingViewModel.swift in Sources */ = {isa = PBXBuildFile; fileRef = 7666F2CA2B17268800F5826F /* TrackingViewModel.swift */; };
		7666F2CD2B17316500F5826F /* BaseSpeedInfoCell.swift in Sources */ = {isa = PBXBuildFile; fileRef = 7666F2CC2B17316500F5826F /* BaseSpeedInfoCell.swift */; };
		7669B6EF2B3FDBFB00DDEDE7 /* HistoryViewModel.swift in Sources */ = {isa = PBXBuildFile; fileRef = 7669B6EE2B3FDBFB00DDEDE7 /* HistoryViewModel.swift */; };
		767482F72B2C02EA00C8F5D9 /* SpeedInfoPanelViewCell.swift in Sources */ = {isa = PBXBuildFile; fileRef = 767482F62B2C02EA00C8F5D9 /* SpeedInfoPanelViewCell.swift */; };
		767482F92B2C05DF00C8F5D9 /* SpeedInfoCollectionViewCell.swift in Sources */ = {isa = PBXBuildFile; fileRef = 767482F82B2C05DF00C8F5D9 /* SpeedInfoCollectionViewCell.swift */; };
		767482FC2B2C1B4F00C8F5D9 /* SpeedInfoItemCell.swift in Sources */ = {isa = PBXBuildFile; fileRef = 767482FB2B2C1B4F00C8F5D9 /* SpeedInfoItemCell.swift */; };
		767482FE2B2C4BA300C8F5D9 /* RouteLabelView.swift in Sources */ = {isa = PBXBuildFile; fileRef = 767482FD2B2C4BA300C8F5D9 /* RouteLabelView.swift */; };
		767BC5CB2B3D6F57004C8765 /* MainTabBarController.swift in Sources */ = {isa = PBXBuildFile; fileRef = 767BC5CA2B3D6F57004C8765 /* MainTabBarController.swift */; };
		767BC5CE2B3D7334004C8765 /* HistoryViewController.swift in Sources */ = {isa = PBXBuildFile; fileRef = 767BC5CD2B3D7334004C8765 /* HistoryViewController.swift */; };
		767BC5D02B3D7589004C8765 /* TrackingSetupViewController.swift in Sources */ = {isa = PBXBuildFile; fileRef = 767BC5CF2B3D7589004C8765 /* TrackingSetupViewController.swift */; };
		767D41C12B3EB2D500C66905 /* HistoryCell.swift in Sources */ = {isa = PBXBuildFile; fileRef = 767D41C02B3EB2D500C66905 /* HistoryCell.swift */; };
		767D41C32B3EB67A00C66905 /* TrackingData.swift in Sources */ = {isa = PBXBuildFile; fileRef = 767D41C22B3EB67A00C66905 /* TrackingData.swift */; };
		7680CCD32B33F2D700ADFD7A /* SizeConvention.swift in Sources */ = {isa = PBXBuildFile; fileRef = 7680CCD22B33F2D700ADFD7A /* SizeConvention.swift */; };
		7680CCD72B341C6F00ADFD7A /* TrackingResultMapDetailViewController.swift in Sources */ = {isa = PBXBuildFile; fileRef = 7680CCD62B341C6F00ADFD7A /* TrackingResultMapDetailViewController.swift */; };
		76845D0F2BB19CF100FDC95C /* Share.storyboard in Resources */ = {isa = PBXBuildFile; fileRef = 76845D0E2BB19CF100FDC95C /* Share.storyboard */; };
		76845D112BB19EAF00FDC95C /* ShareViewController.swift in Sources */ = {isa = PBXBuildFile; fileRef = 76845D102BB19EAF00FDC95C /* ShareViewController.swift */; };
		76849A4D2B18563B00DD83F7 /* Stopwatch.swift in Sources */ = {isa = PBXBuildFile; fileRef = 76849A4C2B18563B00DD83F7 /* Stopwatch.swift */; };
		76849A4F2B18566B00DD83F7 /* SettingManager.swift in Sources */ = {isa = PBXBuildFile; fileRef = 76849A4E2B18566B00DD83F7 /* SettingManager.swift */; };
		76849A512B18567000DD83F7 /* UnitOfSpeed.swift in Sources */ = {isa = PBXBuildFile; fileRef = 76849A502B18567000DD83F7 /* UnitOfSpeed.swift */; };
		76849A532B1856B600DD83F7 /* ActivityType.swift in Sources */ = {isa = PBXBuildFile; fileRef = 76849A522B1856B600DD83F7 /* ActivityType.swift */; };
		76849A552B18602700DD83F7 /* Double + Time Notation.swift in Sources */ = {isa = PBXBuildFile; fileRef = 76849A542B18602700DD83F7 /* Double + Time Notation.swift */; };
		76853D562B89A82500DA8C79 /* ChartTestViewController.swift in Sources */ = {isa = PBXBuildFile; fileRef = 76853D552B89A82500DA8C79 /* ChartTestViewController.swift */; };
		769513562B56D44E00B5B18E /* Realm in Frameworks */ = {isa = PBXBuildFile; productRef = 769513552B56D44E00B5B18E /* Realm */; };
		769513582B56D44E00B5B18E /* RealmSwift in Frameworks */ = {isa = PBXBuildFile; productRef = 769513572B56D44E00B5B18E /* RealmSwift */; };
		7695135A2B56D4D600B5B18E /* Array + toRealmList.swift in Sources */ = {isa = PBXBuildFile; fileRef = 769513592B56D4D600B5B18E /* Array + toRealmList.swift */; };
		7695135C2B56D4EC00B5B18E /* CLLocationCoordinate2D + persistedValue.swift in Sources */ = {isa = PBXBuildFile; fileRef = 7695135B2B56D4EC00B5B18E /* CLLocationCoordinate2D + persistedValue.swift */; };
		7695135E2B56D51400B5B18E /* RealmManager.swift in Sources */ = {isa = PBXBuildFile; fileRef = 7695135D2B56D51400B5B18E /* RealmManager.swift */; };
		769E4D252B480CF300058B22 /* TripType.swift in Sources */ = {isa = PBXBuildFile; fileRef = 769E4D242B480CF300058B22 /* TripType.swift */; };
		76A582662B6040ED00329EE2 /* BodyContainerView.swift in Sources */ = {isa = PBXBuildFile; fileRef = 76A582652B6040ED00329EE2 /* BodyContainerView.swift */; };
		76C05D952B32B8A5003F4357 /* PathInfo.swift in Sources */ = {isa = PBXBuildFile; fileRef = 76C05D942B32B8A5003F4357 /* PathInfo.swift */; };
		76C231FD2BB30BB400072F61 /* Double + TimeFormatter.swift in Sources */ = {isa = PBXBuildFile; fileRef = 76C231FC2BB30BB400072F61 /* Double + TimeFormatter.swift */; };
		76DBA61B2B907D0B00AC754E /* AppTitleLabel.swift in Sources */ = {isa = PBXBuildFile; fileRef = 76DBA61A2B907D0B00AC754E /* AppTitleLabel.swift */; };
		76DBA61E2B9099AE00AC754E /* Localizable.strings in Resources */ = {isa = PBXBuildFile; fileRef = 76DBA6202B9099AE00AC754E /* Localizable.strings */; };
		76DBA6242B909CE000AC754E /* InfoPlist.strings in Resources */ = {isa = PBXBuildFile; fileRef = 76DBA6262B909CE000AC754E /* InfoPlist.strings */; };
		76DBA62A2B90A04C00AC754E /* String + localized.swift in Sources */ = {isa = PBXBuildFile; fileRef = 76DBA6292B90A04C00AC754E /* String + localized.swift */; };
		76F67A7F2B8C68C000760C30 /* ChartTestViewModel.swift in Sources */ = {isa = PBXBuildFile; fileRef = 76F67A7E2B8C68C000760C30 /* ChartTestViewModel.swift */; };
		76FBCD302B5B156500F93F5C /* TrackingSetupViewModel.swift in Sources */ = {isa = PBXBuildFile; fileRef = 76FBCD2F2B5B156500F93F5C /* TrackingSetupViewModel.swift */; };
/* End PBXBuildFile section */

/* Begin PBXCopyFilesBuildPhase section */
		765A4ED52B8B921B00E20F70 /* Embed Frameworks */ = {
			isa = PBXCopyFilesBuildPhase;
			buildActionMask = 2147483647;
			dstPath = "";
			dstSubfolderSpec = 10;
			files = (
			);
			name = "Embed Frameworks";
			runOnlyForDeploymentPostprocessing = 0;
		};
/* End PBXCopyFilesBuildPhase section */

/* Begin PBXFileReference section */
		76115A272B505E25008D83CA /* Date + FormattedString.swift */ = {isa = PBXFileReference; lastKnownFileType = sourcecode.swift; path = "Date + FormattedString.swift"; sourceTree = "<group>"; };
		761A76EE2B2AAEC000FABC7D /* TrackingResultViewController.swift */ = {isa = PBXFileReference; lastKnownFileType = sourcecode.swift; path = TrackingResultViewController.swift; sourceTree = "<group>"; };
		761A76F02B2AB90500FABC7D /* BaseTrackingResultCell.swift */ = {isa = PBXFileReference; lastKnownFileType = sourcecode.swift; path = BaseTrackingResultCell.swift; sourceTree = "<group>"; };
		761A76F22B2ABF1B00FABC7D /* TrackingResultRouteCell.swift */ = {isa = PBXFileReference; lastKnownFileType = sourcecode.swift; path = TrackingResultRouteCell.swift; sourceTree = "<group>"; };
		761A76F42B2ACE0E00FABC7D /* TrackingResultSpeedInfoCell.swift */ = {isa = PBXFileReference; lastKnownFileType = sourcecode.swift; path = TrackingResultSpeedInfoCell.swift; sourceTree = "<group>"; };
		761A76FB2B2AE3C800FABC7D /* TrackingResultViewModel.swift */ = {isa = PBXFileReference; lastKnownFileType = sourcecode.swift; path = TrackingResultViewModel.swift; sourceTree = "<group>"; };
		762195E22B32DA0D00D59F23 /* TrackingResultRouteCellViewModel.swift */ = {isa = PBXFileReference; lastKnownFileType = sourcecode.swift; path = TrackingResultRouteCellViewModel.swift; sourceTree = "<group>"; };
		7624E1322B28AA8700094845 /* Double + UnitOfSpeed.swift */ = {isa = PBXFileReference; lastKnownFileType = sourcecode.swift; path = "Double + UnitOfSpeed.swift"; sourceTree = "<group>"; };
		762ED1802B76AA6500734720 /* AnimatedRoundedButton.swift */ = {isa = PBXFileReference; fileEncoding = 4; lastKnownFileType = sourcecode.swift; path = AnimatedRoundedButton.swift; sourceTree = "<group>"; };
		762ED1822B76AA8800734720 /* StartButtonView.swift */ = {isa = PBXFileReference; lastKnownFileType = sourcecode.swift; path = StartButtonView.swift; sourceTree = "<group>"; };
		762ED1862B76BBBD00734720 /* MenuButton.swift */ = {isa = PBXFileReference; lastKnownFileType = sourcecode.swift; path = MenuButton.swift; sourceTree = "<group>"; };
		763967322B93227C00DC4701 /* UIFont + RoundedFont.swift */ = {isa = PBXFileReference; lastKnownFileType = sourcecode.swift; path = "UIFont + RoundedFont.swift"; sourceTree = "<group>"; };
		763967392B99A1CB00DC4701 /* EditViewController.swift */ = {isa = PBXFileReference; lastKnownFileType = sourcecode.swift; path = EditViewController.swift; sourceTree = "<group>"; };
		763B02B12AFAA0F30034B7E9 /* SpeedInfo.swift */ = {isa = PBXFileReference; lastKnownFileType = sourcecode.swift; path = SpeedInfo.swift; sourceTree = "<group>"; };
		763B02B32AFAADAB0034B7E9 /* CurrentSpeedView.swift */ = {isa = PBXFileReference; lastKnownFileType = sourcecode.swift; path = CurrentSpeedView.swift; sourceTree = "<group>"; };
		76481E5A2AFA74BE00FC5B8A /* TrackingViewController.swift */ = {isa = PBXFileReference; lastKnownFileType = sourcecode.swift; path = TrackingViewController.swift; sourceTree = "<group>"; };
		76481E5C2AFA74CE00FC5B8A /* SpeedInfoPanelViewController.swift */ = {isa = PBXFileReference; lastKnownFileType = sourcecode.swift; path = SpeedInfoPanelViewController.swift; sourceTree = "<group>"; };
		76481E5E2AFA7E9100FC5B8A /* LocationManager.swift */ = {isa = PBXFileReference; fileEncoding = 4; lastKnownFileType = sourcecode.swift; path = LocationManager.swift; sourceTree = "<group>"; };
		764B46D92AED197C00B0B9B5 /* MyTracking.app */ = {isa = PBXFileReference; explicitFileType = wrapper.application; includeInIndex = 0; path = MyTracking.app; sourceTree = BUILT_PRODUCTS_DIR; };
		764B46DC2AED197C00B0B9B5 /* AppDelegate.swift */ = {isa = PBXFileReference; lastKnownFileType = sourcecode.swift; path = AppDelegate.swift; sourceTree = "<group>"; };
		764B46DE2AED197C00B0B9B5 /* SceneDelegate.swift */ = {isa = PBXFileReference; lastKnownFileType = sourcecode.swift; path = SceneDelegate.swift; sourceTree = "<group>"; };
		764B46E52AED197D00B0B9B5 /* Assets.xcassets */ = {isa = PBXFileReference; lastKnownFileType = folder.assetcatalog; path = Assets.xcassets; sourceTree = "<group>"; };
		764B46E82AED197D00B0B9B5 /* Base */ = {isa = PBXFileReference; lastKnownFileType = file.storyboard; name = Base; path = Base.lproj/LaunchScreen.storyboard; sourceTree = "<group>"; };
		764B46EA2AED197D00B0B9B5 /* Info.plist */ = {isa = PBXFileReference; lastKnownFileType = text.plist.xml; path = Info.plist; sourceTree = "<group>"; };
		7652152D2B889B7E001954AE /* TrackingManager.swift */ = {isa = PBXFileReference; lastKnownFileType = sourcecode.swift; path = TrackingManager.swift; sourceTree = "<group>"; };
		7653E1962B68347A005B1950 /* TrackingResultPeriodCell.swift */ = {isa = PBXFileReference; lastKnownFileType = sourcecode.swift; path = TrackingResultPeriodCell.swift; sourceTree = "<group>"; };
		7664161D2B9B41BD00408705 /* ja */ = {isa = PBXFileReference; lastKnownFileType = text.plist.strings; name = ja; path = ja.lproj/Localizable.strings; sourceTree = "<group>"; };
		7664161E2B9B41BD00408705 /* ja */ = {isa = PBXFileReference; lastKnownFileType = text.plist.strings; name = ja; path = ja.lproj/InfoPlist.strings; sourceTree = "<group>"; };
		7664161F2B9B41D200408705 /* hi */ = {isa = PBXFileReference; lastKnownFileType = text.plist.strings; name = hi; path = hi.lproj/Localizable.strings; sourceTree = "<group>"; };
		766416202B9B41D200408705 /* hi */ = {isa = PBXFileReference; lastKnownFileType = text.plist.strings; name = hi; path = hi.lproj/InfoPlist.strings; sourceTree = "<group>"; };
		766416212B9B41E800408705 /* fr */ = {isa = PBXFileReference; lastKnownFileType = text.plist.strings; name = fr; path = fr.lproj/Localizable.strings; sourceTree = "<group>"; };
		766416222B9B41E800408705 /* fr */ = {isa = PBXFileReference; lastKnownFileType = text.plist.strings; name = fr; path = fr.lproj/InfoPlist.strings; sourceTree = "<group>"; };
		766416232B9B41F600408705 /* de */ = {isa = PBXFileReference; lastKnownFileType = text.plist.strings; name = de; path = de.lproj/Localizable.strings; sourceTree = "<group>"; };
		766416242B9B41F600408705 /* de */ = {isa = PBXFileReference; lastKnownFileType = text.plist.strings; name = de; path = de.lproj/InfoPlist.strings; sourceTree = "<group>"; };
		7666F2CA2B17268800F5826F /* TrackingViewModel.swift */ = {isa = PBXFileReference; lastKnownFileType = sourcecode.swift; path = TrackingViewModel.swift; sourceTree = "<group>"; };
		7666F2CC2B17316500F5826F /* BaseSpeedInfoCell.swift */ = {isa = PBXFileReference; lastKnownFileType = sourcecode.swift; path = BaseSpeedInfoCell.swift; sourceTree = "<group>"; };
		7669B6EE2B3FDBFB00DDEDE7 /* HistoryViewModel.swift */ = {isa = PBXFileReference; lastKnownFileType = sourcecode.swift; path = HistoryViewModel.swift; sourceTree = "<group>"; };
		767482F62B2C02EA00C8F5D9 /* SpeedInfoPanelViewCell.swift */ = {isa = PBXFileReference; lastKnownFileType = sourcecode.swift; path = SpeedInfoPanelViewCell.swift; sourceTree = "<group>"; };
		767482F82B2C05DF00C8F5D9 /* SpeedInfoCollectionViewCell.swift */ = {isa = PBXFileReference; lastKnownFileType = sourcecode.swift; path = SpeedInfoCollectionViewCell.swift; sourceTree = "<group>"; };
		767482FB2B2C1B4F00C8F5D9 /* SpeedInfoItemCell.swift */ = {isa = PBXFileReference; lastKnownFileType = sourcecode.swift; path = SpeedInfoItemCell.swift; sourceTree = "<group>"; };
		767482FD2B2C4BA300C8F5D9 /* RouteLabelView.swift */ = {isa = PBXFileReference; lastKnownFileType = sourcecode.swift; path = RouteLabelView.swift; sourceTree = "<group>"; };
		767BC5CA2B3D6F57004C8765 /* MainTabBarController.swift */ = {isa = PBXFileReference; lastKnownFileType = sourcecode.swift; path = MainTabBarController.swift; sourceTree = "<group>"; };
		767BC5CD2B3D7334004C8765 /* HistoryViewController.swift */ = {isa = PBXFileReference; lastKnownFileType = sourcecode.swift; path = HistoryViewController.swift; sourceTree = "<group>"; };
		767BC5CF2B3D7589004C8765 /* TrackingSetupViewController.swift */ = {isa = PBXFileReference; lastKnownFileType = sourcecode.swift; path = TrackingSetupViewController.swift; sourceTree = "<group>"; };
		767D41C02B3EB2D500C66905 /* HistoryCell.swift */ = {isa = PBXFileReference; lastKnownFileType = sourcecode.swift; path = HistoryCell.swift; sourceTree = "<group>"; };
		767D41C22B3EB67A00C66905 /* TrackingData.swift */ = {isa = PBXFileReference; lastKnownFileType = sourcecode.swift; path = TrackingData.swift; sourceTree = "<group>"; };
		7680CCD22B33F2D700ADFD7A /* SizeConvention.swift */ = {isa = PBXFileReference; lastKnownFileType = sourcecode.swift; path = SizeConvention.swift; sourceTree = "<group>"; };
		7680CCD62B341C6F00ADFD7A /* TrackingResultMapDetailViewController.swift */ = {isa = PBXFileReference; lastKnownFileType = sourcecode.swift; path = TrackingResultMapDetailViewController.swift; sourceTree = "<group>"; };
		76845D0E2BB19CF100FDC95C /* Share.storyboard */ = {isa = PBXFileReference; fileEncoding = 4; lastKnownFileType = file.storyboard; path = Share.storyboard; sourceTree = "<group>"; };
		76845D102BB19EAF00FDC95C /* ShareViewController.swift */ = {isa = PBXFileReference; lastKnownFileType = sourcecode.swift; path = ShareViewController.swift; sourceTree = "<group>"; };
		76849A4C2B18563B00DD83F7 /* Stopwatch.swift */ = {isa = PBXFileReference; lastKnownFileType = sourcecode.swift; path = Stopwatch.swift; sourceTree = "<group>"; };
		76849A4E2B18566B00DD83F7 /* SettingManager.swift */ = {isa = PBXFileReference; fileEncoding = 4; lastKnownFileType = sourcecode.swift; path = SettingManager.swift; sourceTree = "<group>"; };
		76849A502B18567000DD83F7 /* UnitOfSpeed.swift */ = {isa = PBXFileReference; fileEncoding = 4; lastKnownFileType = sourcecode.swift; path = UnitOfSpeed.swift; sourceTree = "<group>"; };
		76849A522B1856B600DD83F7 /* ActivityType.swift */ = {isa = PBXFileReference; fileEncoding = 4; lastKnownFileType = sourcecode.swift; path = ActivityType.swift; sourceTree = "<group>"; };
		76849A542B18602700DD83F7 /* Double + Time Notation.swift */ = {isa = PBXFileReference; lastKnownFileType = sourcecode.swift; path = "Double + Time Notation.swift"; sourceTree = "<group>"; };
		76853D552B89A82500DA8C79 /* ChartTestViewController.swift */ = {isa = PBXFileReference; lastKnownFileType = sourcecode.swift; path = ChartTestViewController.swift; sourceTree = "<group>"; };
		769513592B56D4D600B5B18E /* Array + toRealmList.swift */ = {isa = PBXFileReference; lastKnownFileType = sourcecode.swift; path = "Array + toRealmList.swift"; sourceTree = "<group>"; };
		7695135B2B56D4EC00B5B18E /* CLLocationCoordinate2D + persistedValue.swift */ = {isa = PBXFileReference; lastKnownFileType = sourcecode.swift; path = "CLLocationCoordinate2D + persistedValue.swift"; sourceTree = "<group>"; };
		7695135D2B56D51400B5B18E /* RealmManager.swift */ = {isa = PBXFileReference; lastKnownFileType = sourcecode.swift; path = RealmManager.swift; sourceTree = "<group>"; };
		769E4D242B480CF300058B22 /* TripType.swift */ = {isa = PBXFileReference; lastKnownFileType = sourcecode.swift; path = TripType.swift; sourceTree = "<group>"; };
		76A582652B6040ED00329EE2 /* BodyContainerView.swift */ = {isa = PBXFileReference; lastKnownFileType = sourcecode.swift; path = BodyContainerView.swift; sourceTree = "<group>"; };
		76C05D942B32B8A5003F4357 /* PathInfo.swift */ = {isa = PBXFileReference; lastKnownFileType = sourcecode.swift; path = PathInfo.swift; sourceTree = "<group>"; };
		76C231FC2BB30BB400072F61 /* Double + TimeFormatter.swift */ = {isa = PBXFileReference; lastKnownFileType = sourcecode.swift; path = "Double + TimeFormatter.swift"; sourceTree = "<group>"; };
		76DBA61A2B907D0B00AC754E /* AppTitleLabel.swift */ = {isa = PBXFileReference; lastKnownFileType = sourcecode.swift; path = AppTitleLabel.swift; sourceTree = "<group>"; };
		76DBA61F2B9099AE00AC754E /* en */ = {isa = PBXFileReference; lastKnownFileType = text.plist.strings; name = en; path = en.lproj/Localizable.strings; sourceTree = "<group>"; };
		76DBA6212B9099C900AC754E /* ko */ = {isa = PBXFileReference; lastKnownFileType = text.plist.strings; name = ko; path = ko.lproj/Localizable.strings; sourceTree = "<group>"; };
		76DBA6252B909CE000AC754E /* en */ = {isa = PBXFileReference; lastKnownFileType = text.plist.strings; name = en; path = en.lproj/InfoPlist.strings; sourceTree = "<group>"; };
		76DBA6272B909CE400AC754E /* ko */ = {isa = PBXFileReference; lastKnownFileType = text.plist.strings; name = ko; path = ko.lproj/InfoPlist.strings; sourceTree = "<group>"; };
		76DBA6292B90A04C00AC754E /* String + localized.swift */ = {isa = PBXFileReference; lastKnownFileType = sourcecode.swift; path = "String + localized.swift"; sourceTree = "<group>"; };
		76F67A7E2B8C68C000760C30 /* ChartTestViewModel.swift */ = {isa = PBXFileReference; lastKnownFileType = sourcecode.swift; path = ChartTestViewModel.swift; sourceTree = "<group>"; };
		76F82B6E2BA4528C000CAC7F /* zh-Hans */ = {isa = PBXFileReference; lastKnownFileType = text.plist.strings; name = "zh-Hans"; path = "zh-Hans.lproj/Localizable.strings"; sourceTree = "<group>"; };
		76F82B6F2BA4528C000CAC7F /* zh-Hans */ = {isa = PBXFileReference; lastKnownFileType = text.plist.strings; name = "zh-Hans"; path = "zh-Hans.lproj/InfoPlist.strings"; sourceTree = "<group>"; };
		76F82B702BA4529E000CAC7F /* zh-Hant */ = {isa = PBXFileReference; lastKnownFileType = text.plist.strings; name = "zh-Hant"; path = "zh-Hant.lproj/Localizable.strings"; sourceTree = "<group>"; };
		76F82B712BA4529E000CAC7F /* zh-Hant */ = {isa = PBXFileReference; lastKnownFileType = text.plist.strings; name = "zh-Hant"; path = "zh-Hant.lproj/InfoPlist.strings"; sourceTree = "<group>"; };
		76F82B722BA452CC000CAC7F /* es */ = {isa = PBXFileReference; lastKnownFileType = text.plist.strings; name = es; path = es.lproj/Localizable.strings; sourceTree = "<group>"; };
		76F82B732BA452CC000CAC7F /* es */ = {isa = PBXFileReference; lastKnownFileType = text.plist.strings; name = es; path = es.lproj/InfoPlist.strings; sourceTree = "<group>"; };
		76F82B742BA45310000CAC7F /* pt-BR */ = {isa = PBXFileReference; lastKnownFileType = text.plist.strings; name = "pt-BR"; path = "pt-BR.lproj/Localizable.strings"; sourceTree = "<group>"; };
		76F82B752BA45310000CAC7F /* pt-BR */ = {isa = PBXFileReference; lastKnownFileType = text.plist.strings; name = "pt-BR"; path = "pt-BR.lproj/InfoPlist.strings"; sourceTree = "<group>"; };
		76F82B762BA45318000CAC7F /* pt-PT */ = {isa = PBXFileReference; lastKnownFileType = text.plist.strings; name = "pt-PT"; path = "pt-PT.lproj/Localizable.strings"; sourceTree = "<group>"; };
		76F82B772BA45318000CAC7F /* pt-PT */ = {isa = PBXFileReference; lastKnownFileType = text.plist.strings; name = "pt-PT"; path = "pt-PT.lproj/InfoPlist.strings"; sourceTree = "<group>"; };
		76F82B782BA45323000CAC7F /* it */ = {isa = PBXFileReference; lastKnownFileType = text.plist.strings; name = it; path = it.lproj/Localizable.strings; sourceTree = "<group>"; };
		76F82B792BA45323000CAC7F /* it */ = {isa = PBXFileReference; lastKnownFileType = text.plist.strings; name = it; path = it.lproj/InfoPlist.strings; sourceTree = "<group>"; };
		76F82B7A2BA453A3000CAC7F /* ru */ = {isa = PBXFileReference; lastKnownFileType = text.plist.strings; name = ru; path = ru.lproj/Localizable.strings; sourceTree = "<group>"; };
		76F82B7B2BA453A3000CAC7F /* ru */ = {isa = PBXFileReference; lastKnownFileType = text.plist.strings; name = ru; path = ru.lproj/InfoPlist.strings; sourceTree = "<group>"; };
		76F82B7C2BA453C0000CAC7F /* nl */ = {isa = PBXFileReference; lastKnownFileType = text.plist.strings; name = nl; path = nl.lproj/Localizable.strings; sourceTree = "<group>"; };
		76F82B7D2BA453C0000CAC7F /* nl */ = {isa = PBXFileReference; lastKnownFileType = text.plist.strings; name = nl; path = nl.lproj/InfoPlist.strings; sourceTree = "<group>"; };
		76F82B7E2BA453CB000CAC7F /* sv */ = {isa = PBXFileReference; lastKnownFileType = text.plist.strings; name = sv; path = sv.lproj/Localizable.strings; sourceTree = "<group>"; };
		76F82B7F2BA453CB000CAC7F /* sv */ = {isa = PBXFileReference; lastKnownFileType = text.plist.strings; name = sv; path = sv.lproj/InfoPlist.strings; sourceTree = "<group>"; };
		76F82B802BA45452000CAC7F /* tr */ = {isa = PBXFileReference; lastKnownFileType = text.plist.strings; name = tr; path = tr.lproj/Localizable.strings; sourceTree = "<group>"; };
		76F82B812BA45452000CAC7F /* tr */ = {isa = PBXFileReference; lastKnownFileType = text.plist.strings; name = tr; path = tr.lproj/InfoPlist.strings; sourceTree = "<group>"; };
		76F82B822BA45479000CAC7F /* ar */ = {isa = PBXFileReference; lastKnownFileType = text.plist.strings; name = ar; path = ar.lproj/Localizable.strings; sourceTree = "<group>"; };
		76F82B832BA45479000CAC7F /* ar */ = {isa = PBXFileReference; lastKnownFileType = text.plist.strings; name = ar; path = ar.lproj/InfoPlist.strings; sourceTree = "<group>"; };
		76FBCD2F2B5B156500F93F5C /* TrackingSetupViewModel.swift */ = {isa = PBXFileReference; lastKnownFileType = sourcecode.swift; path = TrackingSetupViewModel.swift; sourceTree = "<group>"; };
/* End PBXFileReference section */

/* Begin PBXFrameworksBuildPhase section */
		764B46D62AED197C00B0B9B5 /* Frameworks */ = {
			isa = PBXFrameworksBuildPhase;
			buildActionMask = 2147483647;
			files = (
				769513582B56D44E00B5B18E /* RealmSwift in Frameworks */,
				769513562B56D44E00B5B18E /* Realm in Frameworks */,
				764B46F22AED1A3C00B0B9B5 /* SnapKit in Frameworks */,
				764B928E2AFA43E000EC8854 /* FloatingPanel in Frameworks */,
			);
			runOnlyForDeploymentPostprocessing = 0;
		};
/* End PBXFrameworksBuildPhase section */

/* Begin PBXGroup section */
		761A76F92B2AE2F800FABC7D /* TrackingView */ = {
			isa = PBXGroup;
			children = (
				76481E5A2AFA74BE00FC5B8A /* TrackingViewController.swift */,
				763B02B32AFAADAB0034B7E9 /* CurrentSpeedView.swift */,
				76481E5C2AFA74CE00FC5B8A /* SpeedInfoPanelViewController.swift */,
				767482F62B2C02EA00C8F5D9 /* SpeedInfoPanelViewCell.swift */,
			);
			path = TrackingView;
			sourceTree = "<group>";
		};
		761A76FA2B2AE2FF00FABC7D /* TrackingResultView */ = {
			isa = PBXGroup;
			children = (
				761A76EE2B2AAEC000FABC7D /* TrackingResultViewController.swift */,
				7680CCD62B341C6F00ADFD7A /* TrackingResultMapDetailViewController.swift */,
				7653E1962B68347A005B1950 /* TrackingResultPeriodCell.swift */,
				76845D0E2BB19CF100FDC95C /* Share.storyboard */,
				76845D102BB19EAF00FDC95C /* ShareViewController.swift */,
				76878EB52B31506500309D73 /* TrackingResultRouteCell */,
				76878EB62B31507B00309D73 /* TrackingResultSpeedInfoCell */,
			);
			path = TrackingResultView;
			sourceTree = "<group>";
		};
		7624E12F2B28AA3800094845 /* Views */ = {
			isa = PBXGroup;
			children = (
				767BC5CA2B3D6F57004C8765 /* MainTabBarController.swift */,
				762ED1882B76BFBD00734720 /* TrackingSetupView */,
				761A76F92B2AE2F800FABC7D /* TrackingView */,
				761A76FA2B2AE2FF00FABC7D /* TrackingResultView */,
				767BC5CC2B3D7314004C8765 /* History */,
				767482FA2B2C0CB900C8F5D9 /* BaseCell */,
				76ED130E2B8F63600093E3AD /* TempChartView */,
			);
			path = Views;
			sourceTree = "<group>";
		};
		7624E1302B28AA4300094845 /* Model */ = {
			isa = PBXGroup;
			children = (
				763B02B12AFAA0F30034B7E9 /* SpeedInfo.swift */,
				76C05D942B32B8A5003F4357 /* PathInfo.swift */,
				767D41C22B3EB67A00C66905 /* TrackingData.swift */,
			);
			path = Model;
			sourceTree = "<group>";
		};
		7624E1312B28AA4800094845 /* ViewModels */ = {
			isa = PBXGroup;
			children = (
				76FBCD2F2B5B156500F93F5C /* TrackingSetupViewModel.swift */,
				7666F2CA2B17268800F5826F /* TrackingViewModel.swift */,
				761A76FB2B2AE3C800FABC7D /* TrackingResultViewModel.swift */,
				762195E22B32DA0D00D59F23 /* TrackingResultRouteCellViewModel.swift */,
				7669B6EE2B3FDBFB00DDEDE7 /* HistoryViewModel.swift */,
			);
			path = ViewModels;
			sourceTree = "<group>";
		};
		7624E1342B28AAA500094845 /* Enums */ = {
			isa = PBXGroup;
			children = (
				76849A502B18567000DD83F7 /* UnitOfSpeed.swift */,
				76849A522B1856B600DD83F7 /* ActivityType.swift */,
				769E4D242B480CF300058B22 /* TripType.swift */,
			);
			path = Enums;
			sourceTree = "<group>";
		};
		7624E1352B28AAC200094845 /* Utils */ = {
			isa = PBXGroup;
			children = (
				76849A4C2B18563B00DD83F7 /* Stopwatch.swift */,
				76849A4E2B18566B00DD83F7 /* SettingManager.swift */,
				76481E5E2AFA7E9100FC5B8A /* LocationManager.swift */,
				7680CCD22B33F2D700ADFD7A /* SizeConvention.swift */,
				7695135D2B56D51400B5B18E /* RealmManager.swift */,
				7652152D2B889B7E001954AE /* TrackingManager.swift */,
			);
			path = Utils;
			sourceTree = "<group>";
		};
		762ED17F2B76AA5800734720 /* CustomUI */ = {
			isa = PBXGroup;
			children = (
				762ED1802B76AA6500734720 /* AnimatedRoundedButton.swift */,
				762ED1862B76BBBD00734720 /* MenuButton.swift */,
			);
			path = CustomUI;
			sourceTree = "<group>";
		};
		762ED1882B76BFBD00734720 /* TrackingSetupView */ = {
			isa = PBXGroup;
			children = (
				767BC5CF2B3D7589004C8765 /* TrackingSetupViewController.swift */,
				762ED1822B76AA8800734720 /* StartButtonView.swift */,
				76DBA61A2B907D0B00AC754E /* AppTitleLabel.swift */,
			);
			path = TrackingSetupView;
			sourceTree = "<group>";
		};
		764B46D02AED197C00B0B9B5 = {
			isa = PBXGroup;
			children = (
				764B46DB2AED197C00B0B9B5 /* MyTracking */,
				764B46DA2AED197C00B0B9B5 /* Products */,
			);
			sourceTree = "<group>";
		};
		764B46DA2AED197C00B0B9B5 /* Products */ = {
			isa = PBXGroup;
			children = (
				764B46D92AED197C00B0B9B5 /* MyTracking.app */,
			);
			name = Products;
			sourceTree = "<group>";
		};
		764B46DB2AED197C00B0B9B5 /* MyTracking */ = {
			isa = PBXGroup;
			children = (
				764B46DC2AED197C00B0B9B5 /* AppDelegate.swift */,
				764B46DE2AED197C00B0B9B5 /* SceneDelegate.swift */,
				76DBA6282B909E2700AC754E /* Localization */,
				7624E1302B28AA4300094845 /* Model */,
				7624E12F2B28AA3800094845 /* Views */,
				7624E1312B28AA4800094845 /* ViewModels */,
				7624E1352B28AAC200094845 /* Utils */,
				7624E1342B28AAA500094845 /* Enums */,
				76802AE02B21F69900B2B9E5 /* Extension */,
				762ED17F2B76AA5800734720 /* CustomUI */,
				764B46E52AED197D00B0B9B5 /* Assets.xcassets */,
				764B46E72AED197D00B0B9B5 /* LaunchScreen.storyboard */,
				764B46EA2AED197D00B0B9B5 /* Info.plist */,
			);
			path = MyTracking;
			sourceTree = "<group>";
		};
		767482FA2B2C0CB900C8F5D9 /* BaseCell */ = {
			isa = PBXGroup;
			children = (
				761A76F02B2AB90500FABC7D /* BaseTrackingResultCell.swift */,
				7666F2CC2B17316500F5826F /* BaseSpeedInfoCell.swift */,
				767482FB2B2C1B4F00C8F5D9 /* SpeedInfoItemCell.swift */,
			);
			path = BaseCell;
			sourceTree = "<group>";
		};
		767BC5CC2B3D7314004C8765 /* History */ = {
			isa = PBXGroup;
			children = (
				767BC5CD2B3D7334004C8765 /* HistoryViewController.swift */,
				767D41C02B3EB2D500C66905 /* HistoryCell.swift */,
				76A582652B6040ED00329EE2 /* BodyContainerView.swift */,
			);
			path = History;
			sourceTree = "<group>";
		};
		76802AE02B21F69900B2B9E5 /* Extension */ = {
			isa = PBXGroup;
			children = (
				76849A542B18602700DD83F7 /* Double + Time Notation.swift */,
				76C231FC2BB30BB400072F61 /* Double + TimeFormatter.swift */,
				7624E1322B28AA8700094845 /* Double + UnitOfSpeed.swift */,
				76115A272B505E25008D83CA /* Date + FormattedString.swift */,
				769513592B56D4D600B5B18E /* Array + toRealmList.swift */,
				7695135B2B56D4EC00B5B18E /* CLLocationCoordinate2D + persistedValue.swift */,
				76DBA6292B90A04C00AC754E /* String + localized.swift */,
				763967322B93227C00DC4701 /* UIFont + RoundedFont.swift */,
			);
			path = Extension;
			sourceTree = "<group>";
		};
		76878EB52B31506500309D73 /* TrackingResultRouteCell */ = {
			isa = PBXGroup;
			children = (
				761A76F22B2ABF1B00FABC7D /* TrackingResultRouteCell.swift */,
				767482FD2B2C4BA300C8F5D9 /* RouteLabelView.swift */,
				763967392B99A1CB00DC4701 /* EditViewController.swift */,
			);
			path = TrackingResultRouteCell;
			sourceTree = "<group>";
		};
		76878EB62B31507B00309D73 /* TrackingResultSpeedInfoCell */ = {
			isa = PBXGroup;
			children = (
				761A76F42B2ACE0E00FABC7D /* TrackingResultSpeedInfoCell.swift */,
				767482F82B2C05DF00C8F5D9 /* SpeedInfoCollectionViewCell.swift */,
			);
			path = TrackingResultSpeedInfoCell;
			sourceTree = "<group>";
		};
		76DBA6282B909E2700AC754E /* Localization */ = {
			isa = PBXGroup;
			children = (
				76DBA6202B9099AE00AC754E /* Localizable.strings */,
				76DBA6262B909CE000AC754E /* InfoPlist.strings */,
			);
			path = Localization;
			sourceTree = "<group>";
		};
		76ED130E2B8F63600093E3AD /* TempChartView */ = {
			isa = PBXGroup;
			children = (
				76853D552B89A82500DA8C79 /* ChartTestViewController.swift */,
				76F67A7E2B8C68C000760C30 /* ChartTestViewModel.swift */,
			);
			path = TempChartView;
			sourceTree = "<group>";
		};
/* End PBXGroup section */

/* Begin PBXNativeTarget section */
		764B46D82AED197C00B0B9B5 /* MyTracking */ = {
			isa = PBXNativeTarget;
			buildConfigurationList = 764B46ED2AED197D00B0B9B5 /* Build configuration list for PBXNativeTarget "MyTracking" */;
			buildPhases = (
				764B46D52AED197C00B0B9B5 /* Sources */,
				764B46D62AED197C00B0B9B5 /* Frameworks */,
				764B46D72AED197C00B0B9B5 /* Resources */,
				765A4ED52B8B921B00E20F70 /* Embed Frameworks */,
			);
			buildRules = (
			);
			dependencies = (
			);
			name = MyTracking;
			packageProductDependencies = (
				764B46F12AED1A3C00B0B9B5 /* SnapKit */,
				764B928D2AFA43E000EC8854 /* FloatingPanel */,
				769513552B56D44E00B5B18E /* Realm */,
				769513572B56D44E00B5B18E /* RealmSwift */,
			);
			productName = SimpleLocationTracking;
			productReference = 764B46D92AED197C00B0B9B5 /* MyTracking.app */;
			productType = "com.apple.product-type.application";
		};
/* End PBXNativeTarget section */

/* Begin PBXProject section */
		764B46D12AED197C00B0B9B5 /* Project object */ = {
			isa = PBXProject;
			attributes = {
				BuildIndependentTargetsInParallel = 1;
				LastSwiftUpdateCheck = 1500;
				LastUpgradeCheck = 1500;
				TargetAttributes = {
					764B46D82AED197C00B0B9B5 = {
						CreatedOnToolsVersion = 15.0;
					};
				};
			};
			buildConfigurationList = 764B46D42AED197C00B0B9B5 /* Build configuration list for PBXProject "MyTracking" */;
			compatibilityVersion = "Xcode 14.0";
			developmentRegion = en;
			hasScannedForEncodings = 0;
			knownRegions = (
				en,
				Base,
				ko,
				ja,
				hi,
				fr,
				de,
				"zh-Hans",
				"zh-Hant",
				es,
				"pt-BR",
				"pt-PT",
				it,
				ru,
				nl,
				sv,
				tr,
				ar,
			);
			mainGroup = 764B46D02AED197C00B0B9B5;
			packageReferences = (
				764B46F02AED1A3C00B0B9B5 /* XCRemoteSwiftPackageReference "SnapKit" */,
				764B928C2AFA43E000EC8854 /* XCRemoteSwiftPackageReference "FloatingPanel" */,
				769513542B56D44E00B5B18E /* XCRemoteSwiftPackageReference "realm-swift" */,
			);
			productRefGroup = 764B46DA2AED197C00B0B9B5 /* Products */;
			projectDirPath = "";
			projectRoot = "";
			targets = (
				764B46D82AED197C00B0B9B5 /* MyTracking */,
			);
		};
/* End PBXProject section */

/* Begin PBXResourcesBuildPhase section */
		764B46D72AED197C00B0B9B5 /* Resources */ = {
			isa = PBXResourcesBuildPhase;
			buildActionMask = 2147483647;
			files = (
				764B46E92AED197D00B0B9B5 /* LaunchScreen.storyboard in Resources */,
				76DBA6242B909CE000AC754E /* InfoPlist.strings in Resources */,
				76DBA61E2B9099AE00AC754E /* Localizable.strings in Resources */,
				76845D0F2BB19CF100FDC95C /* Share.storyboard in Resources */,
				764B46E62AED197D00B0B9B5 /* Assets.xcassets in Resources */,
			);
			runOnlyForDeploymentPostprocessing = 0;
		};
/* End PBXResourcesBuildPhase section */

/* Begin PBXSourcesBuildPhase section */
		764B46D52AED197C00B0B9B5 /* Sources */ = {
			isa = PBXSourcesBuildPhase;
			buildActionMask = 2147483647;
			files = (
				762ED1872B76BBBD00734720 /* MenuButton.swift in Sources */,
				7624E1332B28AA8700094845 /* Double + UnitOfSpeed.swift in Sources */,
				767BC5CE2B3D7334004C8765 /* HistoryViewController.swift in Sources */,
				769E4D252B480CF300058B22 /* TripType.swift in Sources */,
				763967332B93227C00DC4701 /* UIFont + RoundedFont.swift in Sources */,
				7680CCD72B341C6F00ADFD7A /* TrackingResultMapDetailViewController.swift in Sources */,
				76F67A7F2B8C68C000760C30 /* ChartTestViewModel.swift in Sources */,
				767BC5CB2B3D6F57004C8765 /* MainTabBarController.swift in Sources */,
				767482F72B2C02EA00C8F5D9 /* SpeedInfoPanelViewCell.swift in Sources */,
				763B02B42AFAADAB0034B7E9 /* CurrentSpeedView.swift in Sources */,
				76FBCD302B5B156500F93F5C /* TrackingSetupViewModel.swift in Sources */,
				767D41C32B3EB67A00C66905 /* TrackingData.swift in Sources */,
				762ED1812B76AA6500734720 /* AnimatedRoundedButton.swift in Sources */,
				76A582662B6040ED00329EE2 /* BodyContainerView.swift in Sources */,
				761A76EF2B2AAEC000FABC7D /* TrackingResultViewController.swift in Sources */,
				76481E5B2AFA74BE00FC5B8A /* TrackingViewController.swift in Sources */,
				761A76FC2B2AE3C900FABC7D /* TrackingResultViewModel.swift in Sources */,
				76849A512B18567000DD83F7 /* UnitOfSpeed.swift in Sources */,
				76C05D952B32B8A5003F4357 /* PathInfo.swift in Sources */,
				76845D112BB19EAF00FDC95C /* ShareViewController.swift in Sources */,
				761A76F12B2AB90500FABC7D /* BaseTrackingResultCell.swift in Sources */,
				761A76F32B2ABF1B00FABC7D /* TrackingResultRouteCell.swift in Sources */,
				763B02B22AFAA0F30034B7E9 /* SpeedInfo.swift in Sources */,
				764B46DD2AED197C00B0B9B5 /* AppDelegate.swift in Sources */,
				76481E5F2AFA7E9100FC5B8A /* LocationManager.swift in Sources */,
				7666F2CD2B17316500F5826F /* BaseSpeedInfoCell.swift in Sources */,
				76853D562B89A82500DA8C79 /* ChartTestViewController.swift in Sources */,
				7695135A2B56D4D600B5B18E /* Array + toRealmList.swift in Sources */,
				76481E5D2AFA74CE00FC5B8A /* SpeedInfoPanelViewController.swift in Sources */,
				762ED1832B76AA8800734720 /* StartButtonView.swift in Sources */,
				767482FC2B2C1B4F00C8F5D9 /* SpeedInfoItemCell.swift in Sources */,
				7669B6EF2B3FDBFB00DDEDE7 /* HistoryViewModel.swift in Sources */,
				76849A4D2B18563B00DD83F7 /* Stopwatch.swift in Sources */,
				762195E32B32DA0D00D59F23 /* TrackingResultRouteCellViewModel.swift in Sources */,
				767D41C12B3EB2D500C66905 /* HistoryCell.swift in Sources */,
				7695135E2B56D51400B5B18E /* RealmManager.swift in Sources */,
				76C231FD2BB30BB400072F61 /* Double + TimeFormatter.swift in Sources */,
				7666F2CB2B17268800F5826F /* TrackingViewModel.swift in Sources */,
				7652152E2B889B7E001954AE /* TrackingManager.swift in Sources */,
				7639673A2B99A1CB00DC4701 /* EditViewController.swift in Sources */,
				76849A532B1856B600DD83F7 /* ActivityType.swift in Sources */,
				7653E1972B68347A005B1950 /* TrackingResultPeriodCell.swift in Sources */,
				767482FE2B2C4BA300C8F5D9 /* RouteLabelView.swift in Sources */,
				761A76F52B2ACE0E00FABC7D /* TrackingResultSpeedInfoCell.swift in Sources */,
				76849A552B18602700DD83F7 /* Double + Time Notation.swift in Sources */,
				76849A4F2B18566B00DD83F7 /* SettingManager.swift in Sources */,
				76DBA62A2B90A04C00AC754E /* String + localized.swift in Sources */,
				767482F92B2C05DF00C8F5D9 /* SpeedInfoCollectionViewCell.swift in Sources */,
				767BC5D02B3D7589004C8765 /* TrackingSetupViewController.swift in Sources */,
				76115A282B505E25008D83CA /* Date + FormattedString.swift in Sources */,
				764B46DF2AED197C00B0B9B5 /* SceneDelegate.swift in Sources */,
				76DBA61B2B907D0B00AC754E /* AppTitleLabel.swift in Sources */,
				7680CCD32B33F2D700ADFD7A /* SizeConvention.swift in Sources */,
				7695135C2B56D4EC00B5B18E /* CLLocationCoordinate2D + persistedValue.swift in Sources */,
			);
			runOnlyForDeploymentPostprocessing = 0;
		};
/* End PBXSourcesBuildPhase section */

/* Begin PBXVariantGroup section */
		764B46E72AED197D00B0B9B5 /* LaunchScreen.storyboard */ = {
			isa = PBXVariantGroup;
			children = (
				764B46E82AED197D00B0B9B5 /* Base */,
			);
			name = LaunchScreen.storyboard;
			sourceTree = "<group>";
		};
		76DBA6202B9099AE00AC754E /* Localizable.strings */ = {
			isa = PBXVariantGroup;
			children = (
				76DBA61F2B9099AE00AC754E /* en */,
				76DBA6212B9099C900AC754E /* ko */,
				7664161D2B9B41BD00408705 /* ja */,
				7664161F2B9B41D200408705 /* hi */,
				766416212B9B41E800408705 /* fr */,
				766416232B9B41F600408705 /* de */,
				76F82B6E2BA4528C000CAC7F /* zh-Hans */,
				76F82B702BA4529E000CAC7F /* zh-Hant */,
				76F82B722BA452CC000CAC7F /* es */,
				76F82B742BA45310000CAC7F /* pt-BR */,
				76F82B762BA45318000CAC7F /* pt-PT */,
				76F82B782BA45323000CAC7F /* it */,
				76F82B7A2BA453A3000CAC7F /* ru */,
				76F82B7C2BA453C0000CAC7F /* nl */,
				76F82B7E2BA453CB000CAC7F /* sv */,
				76F82B802BA45452000CAC7F /* tr */,
				76F82B822BA45479000CAC7F /* ar */,
			);
			name = Localizable.strings;
			sourceTree = "<group>";
		};
		76DBA6262B909CE000AC754E /* InfoPlist.strings */ = {
			isa = PBXVariantGroup;
			children = (
				76DBA6252B909CE000AC754E /* en */,
				76DBA6272B909CE400AC754E /* ko */,
				7664161E2B9B41BD00408705 /* ja */,
				766416202B9B41D200408705 /* hi */,
				766416222B9B41E800408705 /* fr */,
				766416242B9B41F600408705 /* de */,
				76F82B6F2BA4528C000CAC7F /* zh-Hans */,
				76F82B712BA4529E000CAC7F /* zh-Hant */,
				76F82B732BA452CC000CAC7F /* es */,
				76F82B752BA45310000CAC7F /* pt-BR */,
				76F82B772BA45318000CAC7F /* pt-PT */,
				76F82B792BA45323000CAC7F /* it */,
				76F82B7B2BA453A3000CAC7F /* ru */,
				76F82B7D2BA453C0000CAC7F /* nl */,
				76F82B7F2BA453CB000CAC7F /* sv */,
				76F82B812BA45452000CAC7F /* tr */,
				76F82B832BA45479000CAC7F /* ar */,
			);
			name = InfoPlist.strings;
			sourceTree = "<group>";
		};
/* End PBXVariantGroup section */

/* Begin XCBuildConfiguration section */
		764B46EB2AED197D00B0B9B5 /* Debug */ = {
			isa = XCBuildConfiguration;
			buildSettings = {
				ALWAYS_SEARCH_USER_PATHS = NO;
				ASSETCATALOG_COMPILER_GENERATE_SWIFT_ASSET_SYMBOL_EXTENSIONS = YES;
				CLANG_ANALYZER_LOCALIZABILITY_NONLOCALIZED = YES;
				CLANG_ANALYZER_NONNULL = YES;
				CLANG_ANALYZER_NUMBER_OBJECT_CONVERSION = YES_AGGRESSIVE;
				CLANG_CXX_LANGUAGE_STANDARD = "gnu++20";
				CLANG_ENABLE_MODULES = YES;
				CLANG_ENABLE_OBJC_ARC = YES;
				CLANG_ENABLE_OBJC_WEAK = YES;
				CLANG_WARN_BLOCK_CAPTURE_AUTORELEASING = YES;
				CLANG_WARN_BOOL_CONVERSION = YES;
				CLANG_WARN_COMMA = YES;
				CLANG_WARN_CONSTANT_CONVERSION = YES;
				CLANG_WARN_DEPRECATED_OBJC_IMPLEMENTATIONS = YES;
				CLANG_WARN_DIRECT_OBJC_ISA_USAGE = YES_ERROR;
				CLANG_WARN_DOCUMENTATION_COMMENTS = YES;
				CLANG_WARN_EMPTY_BODY = YES;
				CLANG_WARN_ENUM_CONVERSION = YES;
				CLANG_WARN_INFINITE_RECURSION = YES;
				CLANG_WARN_INT_CONVERSION = YES;
				CLANG_WARN_NON_LITERAL_NULL_CONVERSION = YES;
				CLANG_WARN_OBJC_IMPLICIT_RETAIN_SELF = YES;
				CLANG_WARN_OBJC_LITERAL_CONVERSION = YES;
				CLANG_WARN_OBJC_ROOT_CLASS = YES_ERROR;
				CLANG_WARN_QUOTED_INCLUDE_IN_FRAMEWORK_HEADER = YES;
				CLANG_WARN_RANGE_LOOP_ANALYSIS = YES;
				CLANG_WARN_STRICT_PROTOTYPES = YES;
				CLANG_WARN_SUSPICIOUS_MOVE = YES;
				CLANG_WARN_UNGUARDED_AVAILABILITY = YES_AGGRESSIVE;
				CLANG_WARN_UNREACHABLE_CODE = YES;
				CLANG_WARN__DUPLICATE_METHOD_MATCH = YES;
				COPY_PHASE_STRIP = NO;
				DEBUG_INFORMATION_FORMAT = dwarf;
				ENABLE_STRICT_OBJC_MSGSEND = YES;
				ENABLE_TESTABILITY = YES;
				ENABLE_USER_SCRIPT_SANDBOXING = YES;
				GCC_C_LANGUAGE_STANDARD = gnu17;
				GCC_DYNAMIC_NO_PIC = NO;
				GCC_NO_COMMON_BLOCKS = YES;
				GCC_OPTIMIZATION_LEVEL = 0;
				GCC_PREPROCESSOR_DEFINITIONS = (
					"DEBUG=1",
					"$(inherited)",
				);
				GCC_WARN_64_TO_32_BIT_CONVERSION = YES;
				GCC_WARN_ABOUT_RETURN_TYPE = YES_ERROR;
				GCC_WARN_UNDECLARED_SELECTOR = YES;
				GCC_WARN_UNINITIALIZED_AUTOS = YES_AGGRESSIVE;
				GCC_WARN_UNUSED_FUNCTION = YES;
				GCC_WARN_UNUSED_VARIABLE = YES;
				IPHONEOS_DEPLOYMENT_TARGET = 14.0;
				LOCALIZATION_PREFERS_STRING_CATALOGS = YES;
				MTL_ENABLE_DEBUG_INFO = INCLUDE_SOURCE;
				MTL_FAST_MATH = YES;
				ONLY_ACTIVE_ARCH = YES;
				SDKROOT = iphoneos;
				SWIFT_ACTIVE_COMPILATION_CONDITIONS = "DEBUG $(inherited)";
				SWIFT_OPTIMIZATION_LEVEL = "-Onone";
			};
			name = Debug;
		};
		764B46EC2AED197D00B0B9B5 /* Release */ = {
			isa = XCBuildConfiguration;
			buildSettings = {
				ALWAYS_SEARCH_USER_PATHS = NO;
				ASSETCATALOG_COMPILER_GENERATE_SWIFT_ASSET_SYMBOL_EXTENSIONS = YES;
				CLANG_ANALYZER_LOCALIZABILITY_NONLOCALIZED = YES;
				CLANG_ANALYZER_NONNULL = YES;
				CLANG_ANALYZER_NUMBER_OBJECT_CONVERSION = YES_AGGRESSIVE;
				CLANG_CXX_LANGUAGE_STANDARD = "gnu++20";
				CLANG_ENABLE_MODULES = YES;
				CLANG_ENABLE_OBJC_ARC = YES;
				CLANG_ENABLE_OBJC_WEAK = YES;
				CLANG_WARN_BLOCK_CAPTURE_AUTORELEASING = YES;
				CLANG_WARN_BOOL_CONVERSION = YES;
				CLANG_WARN_COMMA = YES;
				CLANG_WARN_CONSTANT_CONVERSION = YES;
				CLANG_WARN_DEPRECATED_OBJC_IMPLEMENTATIONS = YES;
				CLANG_WARN_DIRECT_OBJC_ISA_USAGE = YES_ERROR;
				CLANG_WARN_DOCUMENTATION_COMMENTS = YES;
				CLANG_WARN_EMPTY_BODY = YES;
				CLANG_WARN_ENUM_CONVERSION = YES;
				CLANG_WARN_INFINITE_RECURSION = YES;
				CLANG_WARN_INT_CONVERSION = YES;
				CLANG_WARN_NON_LITERAL_NULL_CONVERSION = YES;
				CLANG_WARN_OBJC_IMPLICIT_RETAIN_SELF = YES;
				CLANG_WARN_OBJC_LITERAL_CONVERSION = YES;
				CLANG_WARN_OBJC_ROOT_CLASS = YES_ERROR;
				CLANG_WARN_QUOTED_INCLUDE_IN_FRAMEWORK_HEADER = YES;
				CLANG_WARN_RANGE_LOOP_ANALYSIS = YES;
				CLANG_WARN_STRICT_PROTOTYPES = YES;
				CLANG_WARN_SUSPICIOUS_MOVE = YES;
				CLANG_WARN_UNGUARDED_AVAILABILITY = YES_AGGRESSIVE;
				CLANG_WARN_UNREACHABLE_CODE = YES;
				CLANG_WARN__DUPLICATE_METHOD_MATCH = YES;
				COPY_PHASE_STRIP = NO;
				DEBUG_INFORMATION_FORMAT = "dwarf-with-dsym";
				ENABLE_NS_ASSERTIONS = NO;
				ENABLE_STRICT_OBJC_MSGSEND = YES;
				ENABLE_USER_SCRIPT_SANDBOXING = YES;
				GCC_C_LANGUAGE_STANDARD = gnu17;
				GCC_NO_COMMON_BLOCKS = YES;
				GCC_WARN_64_TO_32_BIT_CONVERSION = YES;
				GCC_WARN_ABOUT_RETURN_TYPE = YES_ERROR;
				GCC_WARN_UNDECLARED_SELECTOR = YES;
				GCC_WARN_UNINITIALIZED_AUTOS = YES_AGGRESSIVE;
				GCC_WARN_UNUSED_FUNCTION = YES;
				GCC_WARN_UNUSED_VARIABLE = YES;
				IPHONEOS_DEPLOYMENT_TARGET = 14.0;
				LOCALIZATION_PREFERS_STRING_CATALOGS = YES;
				MTL_ENABLE_DEBUG_INFO = NO;
				MTL_FAST_MATH = YES;
				SDKROOT = iphoneos;
				SWIFT_COMPILATION_MODE = wholemodule;
				VALIDATE_PRODUCT = YES;
			};
			name = Release;
		};
		764B46EE2AED197D00B0B9B5 /* Debug */ = {
			isa = XCBuildConfiguration;
			buildSettings = {
				ASSETCATALOG_COMPILER_APPICON_NAME = AppIcon;
				ASSETCATALOG_COMPILER_GLOBAL_ACCENT_COLOR_NAME = AccentColor;
				CODE_SIGN_IDENTITY = "Apple Development";
				CODE_SIGN_STYLE = Automatic;
				CURRENT_PROJECT_VERSION = 1;
				DEVELOPMENT_TEAM = WL8JH8T246;
				GENERATE_INFOPLIST_FILE = YES;
				INFOPLIST_FILE = MyTracking/Info.plist;
				INFOPLIST_KEY_NSLocationAlwaysUsageDescription = "";
				INFOPLIST_KEY_NSLocationWhenInUseUsageDescription = "";
				INFOPLIST_KEY_NSPhotoLibraryAddUsageDescription = photo;
				INFOPLIST_KEY_UIApplicationSupportsIndirectInputEvents = YES;
				INFOPLIST_KEY_UILaunchStoryboardName = LaunchScreen;
				INFOPLIST_KEY_UISupportedInterfaceOrientations_iPad = "UIInterfaceOrientationPortrait UIInterfaceOrientationPortraitUpsideDown UIInterfaceOrientationLandscapeLeft UIInterfaceOrientationLandscapeRight";
				INFOPLIST_KEY_UISupportedInterfaceOrientations_iPhone = "UIInterfaceOrientationPortrait UIInterfaceOrientationLandscapeLeft UIInterfaceOrientationLandscapeRight";
				LD_RUNPATH_SEARCH_PATHS = (
					"$(inherited)",
					"@executable_path/Frameworks",
				);
				MARKETING_VERSION = 1.0;
				PRODUCT_BUNDLE_IDENTIFIER = okeydukey.MyTracking;
				PRODUCT_NAME = "$(TARGET_NAME)";
				PROVISIONING_PROFILE_SPECIFIER = "";
				SUPPORTED_PLATFORMS = "iphoneos iphonesimulator";
				SUPPORTS_MACCATALYST = NO;
				SUPPORTS_MAC_DESIGNED_FOR_IPHONE_IPAD = NO;
				SUPPORTS_XR_DESIGNED_FOR_IPHONE_IPAD = NO;
				SWIFT_EMIT_LOC_STRINGS = YES;
				SWIFT_VERSION = 5.0;
				TARGETED_DEVICE_FAMILY = "1,2";
			};
			name = Debug;
		};
		764B46EF2AED197D00B0B9B5 /* Release */ = {
			isa = XCBuildConfiguration;
			buildSettings = {
				ASSETCATALOG_COMPILER_APPICON_NAME = AppIcon;
				ASSETCATALOG_COMPILER_GLOBAL_ACCENT_COLOR_NAME = AccentColor;
				CODE_SIGN_IDENTITY = "Apple Development";
				CODE_SIGN_STYLE = Automatic;
				CURRENT_PROJECT_VERSION = 1;
				DEVELOPMENT_TEAM = WL8JH8T246;
				GENERATE_INFOPLIST_FILE = YES;
				INFOPLIST_FILE = MyTracking/Info.plist;
				INFOPLIST_KEY_NSLocationAlwaysUsageDescription = "";
				INFOPLIST_KEY_NSLocationWhenInUseUsageDescription = "";
				INFOPLIST_KEY_NSPhotoLibraryAddUsageDescription = photo;
				INFOPLIST_KEY_UIApplicationSupportsIndirectInputEvents = YES;
				INFOPLIST_KEY_UILaunchStoryboardName = LaunchScreen;
				INFOPLIST_KEY_UISupportedInterfaceOrientations_iPad = "UIInterfaceOrientationPortrait UIInterfaceOrientationPortraitUpsideDown UIInterfaceOrientationLandscapeLeft UIInterfaceOrientationLandscapeRight";
				INFOPLIST_KEY_UISupportedInterfaceOrientations_iPhone = "UIInterfaceOrientationPortrait UIInterfaceOrientationLandscapeLeft UIInterfaceOrientationLandscapeRight";
				LD_RUNPATH_SEARCH_PATHS = (
					"$(inherited)",
					"@executable_path/Frameworks",
				);
				MARKETING_VERSION = 1.0;
				PRODUCT_BUNDLE_IDENTIFIER = okeydukey.MyTracking;
				PRODUCT_NAME = "$(TARGET_NAME)";
				PROVISIONING_PROFILE_SPECIFIER = "";
				SUPPORTED_PLATFORMS = "iphoneos iphonesimulator";
				SUPPORTS_MACCATALYST = NO;
				SUPPORTS_MAC_DESIGNED_FOR_IPHONE_IPAD = NO;
				SUPPORTS_XR_DESIGNED_FOR_IPHONE_IPAD = NO;
				SWIFT_EMIT_LOC_STRINGS = YES;
				SWIFT_VERSION = 5.0;
				TARGETED_DEVICE_FAMILY = "1,2";
			};
			name = Release;
		};
/* End XCBuildConfiguration section */

/* Begin XCConfigurationList section */
		764B46D42AED197C00B0B9B5 /* Build configuration list for PBXProject "MyTracking" */ = {
			isa = XCConfigurationList;
			buildConfigurations = (
				764B46EB2AED197D00B0B9B5 /* Debug */,
				764B46EC2AED197D00B0B9B5 /* Release */,
			);
			defaultConfigurationIsVisible = 0;
			defaultConfigurationName = Release;
		};
		764B46ED2AED197D00B0B9B5 /* Build configuration list for PBXNativeTarget "MyTracking" */ = {
			isa = XCConfigurationList;
			buildConfigurations = (
				764B46EE2AED197D00B0B9B5 /* Debug */,
				764B46EF2AED197D00B0B9B5 /* Release */,
			);
			defaultConfigurationIsVisible = 0;
			defaultConfigurationName = Release;
		};
/* End XCConfigurationList section */

/* Begin XCRemoteSwiftPackageReference section */
		764B46F02AED1A3C00B0B9B5 /* XCRemoteSwiftPackageReference "SnapKit" */ = {
			isa = XCRemoteSwiftPackageReference;
			repositoryURL = "https://github.com/SnapKit/SnapKit";
			requirement = {
				kind = upToNextMajorVersion;
				minimumVersion = 5.6.0;
			};
		};
		764B928C2AFA43E000EC8854 /* XCRemoteSwiftPackageReference "FloatingPanel" */ = {
			isa = XCRemoteSwiftPackageReference;
			repositoryURL = "https://github.com/scenee/FloatingPanel";
			requirement = {
				branch = master;
				kind = branch;
			};
		};
		769513542B56D44E00B5B18E /* XCRemoteSwiftPackageReference "realm-swift" */ = {
			isa = XCRemoteSwiftPackageReference;
			repositoryURL = "https://github.com/realm/realm-swift";
			requirement = {
				branch = master;
				kind = branch;
			};
		};
/* End XCRemoteSwiftPackageReference section */

/* Begin XCSwiftPackageProductDependency section */
		764B46F12AED1A3C00B0B9B5 /* SnapKit */ = {
			isa = XCSwiftPackageProductDependency;
			package = 764B46F02AED1A3C00B0B9B5 /* XCRemoteSwiftPackageReference "SnapKit" */;
			productName = SnapKit;
		};
		764B928D2AFA43E000EC8854 /* FloatingPanel */ = {
			isa = XCSwiftPackageProductDependency;
			package = 764B928C2AFA43E000EC8854 /* XCRemoteSwiftPackageReference "FloatingPanel" */;
			productName = FloatingPanel;
		};
		769513552B56D44E00B5B18E /* Realm */ = {
			isa = XCSwiftPackageProductDependency;
			package = 769513542B56D44E00B5B18E /* XCRemoteSwiftPackageReference "realm-swift" */;
			productName = Realm;
		};
		769513572B56D44E00B5B18E /* RealmSwift */ = {
			isa = XCSwiftPackageProductDependency;
			package = 769513542B56D44E00B5B18E /* XCRemoteSwiftPackageReference "realm-swift" */;
			productName = RealmSwift;
		};
/* End XCSwiftPackageProductDependency section */
	};
	rootObject = 764B46D12AED197C00B0B9B5 /* Project object */;
}
